
Microsoft Visual Studio Solution File, Format Version 12.00
# Visual Studio Version 17
VisualStudioVersion = 17.14.36408.4 d17.14
MinimumVisualStudioVersion = 10.0.40219.1
Project("{FAE04EC0-301F-11D3-BF4B-00C04F79EFBC}") = "bth1", "bth1.csproj", "{478701EC-2EEC-4F6A-A47E-035EE92CA670}"
EndProject
Global
	GlobalSection(SolutionConfigurationPlatforms) = preSolution
		Debug|Any CPU = Debug|Any CPU
		Release|Any CPU = Release|Any CPU
	EndGlobalSection
	GlobalSection(ProjectConfigurationPlatforms) = postSolution
		{478701EC-2EEC-4F6A-A47E-035EE92CA670}.Debug|Any CPU.ActiveCfg = Debug|Any CPU
		{478701EC-2EEC-4F6A-A47E-035EE92CA670}.Debug|Any CPU.Build.0 = Debug|Any CPU
		{478701EC-2EEC-4F6A-A47E-035EE92CA670}.Release|Any CPU.ActiveCfg = Release|Any CPU
		{478701EC-2EEC-4F6A-A47E-035EE92CA670}.Release|Any CPU.Build.0 = Release|Any CPU
	EndGlobalSection
	GlobalSection(SolutionProperties) = preSolution
		HideSolutionNode = FALSE
	EndGlobalSection
	GlobalSection(ExtensibilityGlobals) = postSolution
		SolutionGuid = {8575D15C-EA3A-4ABF-9ED3-3B7EB789C777}
	EndGlobalSection
EndGlobal
