
Microsoft Visual Studio Solution File, Format Version 12.00
# Visual Studio Version 17
VisualStudioVersion = 17.14.36414.22 d17.14
MinimumVisualStudioVersion = 10.0.40219.1
Project("{FAE04EC0-301F-11D3-BF4B-00C04F79EFBC}") = "WebApp-Day8", "WebApp-Day8.csproj", "{33FD24FA-806A-4159-BB74-EFFD70082E4C}"
EndProject
Global
	GlobalSection(SolutionConfigurationPlatforms) = preSolution
		Debug|Any CPU = Debug|Any CPU
		Release|Any CPU = Release|Any CPU
	EndGlobalSection
	GlobalSection(ProjectConfigurationPlatforms) = postSolution
		{33FD24FA-806A-4159-BB74-EFFD70082E4C}.Debug|Any CPU.ActiveCfg = Debug|Any CPU
		{33FD24FA-806A-4159-BB74-EFFD70082E4C}.Debug|Any CPU.Build.0 = Debug|Any CPU
		{33FD24FA-806A-4159-BB74-EFFD70082E4C}.Release|Any CPU.ActiveCfg = Release|Any CPU
		{33FD24FA-806A-4159-BB74-EFFD70082E4C}.Release|Any CPU.Build.0 = Release|Any CPU
	EndGlobalSection
	GlobalSection(SolutionProperties) = preSolution
		HideSolutionNode = FALSE
	EndGlobalSection
	GlobalSection(ExtensibilityGlobals) = postSolution
		SolutionGuid = {7FFA506D-6C77-45E4-80EE-E36D7E062795}
	EndGlobalSection
EndGlobal
