
Microsoft Visual Studio Solution File, Format Version 12.00
# Visual Studio Version 17
VisualStudioVersion = 17.14.36414.22 d17.14
MinimumVisualStudioVersion = 10.0.40219.1
Project("{FAE04EC0-301F-11D3-BF4B-00C04F79EFBC}") = "CanHoHCN", "CanHoHCN\CanHoHCN.csproj", "{D55C85A9-FC75-4230-84CB-3138A4462E1F}"
EndProject
Global
	GlobalSection(SolutionConfigurationPlatforms) = preSolution
		Debug|Any CPU = Debug|Any CPU
		Release|Any CPU = Release|Any CPU
	EndGlobalSection
	GlobalSection(ProjectConfigurationPlatforms) = postSolution
		{D55C85A9-FC75-4230-84CB-3138A4462E1F}.Debug|Any CPU.ActiveCfg = Debug|Any CPU
		{D55C85A9-FC75-4230-84CB-3138A4462E1F}.Debug|Any CPU.Build.0 = Debug|Any CPU
		{D55C85A9-FC75-4230-84CB-3138A4462E1F}.Release|Any CPU.ActiveCfg = Release|Any CPU
		{D55C85A9-FC75-4230-84CB-3138A4462E1F}.Release|Any CPU.Build.0 = Release|Any CPU
	EndGlobalSection
	GlobalSection(SolutionProperties) = preSolution
		HideSolutionNode = FALSE
	EndGlobalSection
	GlobalSection(ExtensibilityGlobals) = postSolution
		SolutionGuid = {4BC3D257-312F-42AA-9289-35C7AD8F670C}
	EndGlobalSection
EndGlobal
